
Microsoft Visual Studio Solution File, Format Version 12.00
# Visual Studio Version 17
VisualStudioVersion = 17.10.35122.118
MinimumVisualStudioVersion = 10.0.40219.1
Project("{FAE04EC0-301F-11D3-BF4B-00C04F79EFBC}") = "Randomize", "Randomize\Randomize.csproj", "{43B30BCD-792C-4EF2-89AD-C00F74D15DAA}"
EndProject
Global
	GlobalSection(SolutionConfigurationPlatforms) = preSolution
		Debug|Any CPU = Debug|Any CPU
		Release|Any CPU = Release|Any CPU
	EndGlobalSection
	GlobalSection(ProjectConfigurationPlatforms) = postSolution
		{43B30BCD-792C-4EF2-89AD-C00F74D15DAA}.Debug|Any CPU.ActiveCfg = Debug|Any CPU
		{43B30BCD-792C-4EF2-89AD-C00F74D15DAA}.Debug|Any CPU.Build.0 = Debug|Any CPU
		{43B30BCD-792C-4EF2-89AD-C00F74D15DAA}.Debug|Any CPU.Deploy.0 = Debug|Any CPU
		{43B30BCD-792C-4EF2-89AD-C00F74D15DAA}.Release|Any CPU.ActiveCfg = Release|Any CPU
		{43B30BCD-792C-4EF2-89AD-C00F74D15DAA}.Release|Any CPU.Build.0 = Release|Any CPU
		{43B30BCD-792C-4EF2-89AD-C00F74D15DAA}.Release|Any CPU.Deploy.0 = Release|Any CPU
	EndGlobalSection
	GlobalSection(SolutionProperties) = preSolution
		HideSolutionNode = FALSE
	EndGlobalSection
	GlobalSection(ExtensibilityGlobals) = postSolution
		SolutionGuid = {B353903B-4DEA-4DE0-A094-BD6FA62C95E1}
	EndGlobalSection
EndGlobal
